
Microsoft Visual Studio Solution File, Format Version 12.00
# Visual Studio 2017
Project("{FAE04EC0-301F-11D3-BF4B-00C04F79EFBC}") = "BSBSource", "BSBSource.csproj", "{ED7FF2E3-0EC4-ACDD-072E-3EA41E0C39C5}"
EndProject
Project("{FAE04EC0-301F-11D3-BF4B-00C04F79EFBC}") = "BSBSource.Editor", "BSBSource.Editor.csproj", "{F30146C8-8451-0598-2996-B25D03E7E0AD}"
EndProject
Global
	GlobalSection(SolutionConfigurationPlatforms) = preSolution
		Debug|Any CPU = Debug|Any CPU
		Release|Any CPU = Release|Any CPU
	EndGlobalSection
	GlobalSection(ProjectConfigurationPlatforms) = postSolution
		{ED7FF2E3-0EC4-ACDD-072E-3EA41E0C39C5}.Debug|Any CPU.ActiveCfg = Debug|Any CPU
		{ED7FF2E3-0EC4-ACDD-072E-3EA41E0C39C5}.Debug|Any CPU.Build.0 = Debug|Any CPU
		{ED7FF2E3-0EC4-ACDD-072E-3EA41E0C39C5}.Release|Any CPU.ActiveCfg = Release|Any CPU
		{ED7FF2E3-0EC4-ACDD-072E-3EA41E0C39C5}.Release|Any CPU.Build.0 = Release|Any CPU
		{F30146C8-8451-0598-2996-B25D03E7E0AD}.Debug|Any CPU.ActiveCfg = Debug|Any CPU
		{F30146C8-8451-0598-2996-B25D03E7E0AD}.Debug|Any CPU.Build.0 = Debug|Any CPU
		{F30146C8-8451-0598-2996-B25D03E7E0AD}.Release|Any CPU.ActiveCfg = Release|Any CPU
		{F30146C8-8451-0598-2996-B25D03E7E0AD}.Release|Any CPU.Build.0 = Release|Any CPU
	EndGlobalSection
	GlobalSection(SolutionProperties) = preSolution
		HideSolutionNode = FALSE
	EndGlobalSection
EndGlobal
